dependencies:
- name: api-gateway
  repository: file://../api-gateway
  version: 0.1.0
- name: auth-api
  repository: file://../auth-api
  version: 0.1.0
- name: business-api
  repository: file://../business-api
  version: 0.1.0
- name: order-api
  repository: file://../order-api
  version: 0.1.0
- name: ledger-worker
  repository: file://../ledger-worker
  version: 0.1.0
- name: voucher-worker
  repository: file://../voucher-worker
  version: 0.1.0
- name: frontend
  repository: file://../frontend
  version: 0.1.0
- name: mysql
  repository: https://charts.bitnami.com/bitnami
  version: 9.10.4
- name: mysql
  repository: https://charts.bitnami.com/bitnami
  version: 9.10.4
- name: kafka
  repository: https://charts.bitnami.com/bitnami
  version: 22.1.5
digest: sha256:67a859c5e67f2e03522bddd74deb6d243a122e57b4410f93a6bf90002da9a611
generated: "2026-07-14T00:21:19.0991377+07:00"
